<?xml version="1.0" encoding="utf-8"?>
<Project ToolsVersion="4.0" xmlns="http://schemas.microsoft.com/developer/msbuild/2003">
  <ItemGroup>
    <ClCompile Include="benchmark.cpp" />
    <ClCompile Include="columnvisualization.cpp" />
    <ClCompile Include="datamanager.cpp" />
    <ClCompile Include="gradientvisualization.cpp" />
    <ClCompile Include="loader.cpp" />
    <ClCompile Include="rapidquicksort.cpp" />
    <ClCompile Include="bogosort.cpp" />
    <ClCompile Include="bubblesort.cpp" />
    <ClCompile Include="display.cpp" />
    <ClCompile Include="main.cpp" />
    <ClCompile Include="mergesort.cpp" />
    <ClCompile Include="quicksort.cpp" />
    <ClCompile Include="radixsort.cpp" />
    <ClCompile Include="renderer.cpp" />
    <ClCompile Include="resourceallocator.cpp" />
    <ClCompile Include="selectionsort.cpp" />
    <ClCompile Include="stdsort.cpp" />
    <ClCompile Include="utils.cpp" />
    <ClCompile Include="visualization.cpp" />
    <ClCompile Include="vulkancolumnvisualization.cpp" />
    <ClCompile Include="vulkangradientvisualization.cpp" />
    <ClCompile Include="vulkanvisualization.cpp" />
  </ItemGroup>
  <ItemGroup>
    <ClInclude Include="benchmark.h" />
    <ClInclude Include="columnvisualization.h" />
    <ClInclude Include="datamanager.h" />
    <ClInclude Include="gradientvisualization.h" />
    <ClInclude Include="loader.h" />
    <ClInclude Include="rapidquicksort.h" />
    <ClInclude Include="bogosort.h" />
    <ClInclude Include="bubblesort.h" />
    <ClInclude Include="display.h" />
    <ClInclude Include="mergesort.h" />
    <ClInclude Include="quicksort.h" />
    <ClInclude Include="radixsort.h" />
    <ClInclude Include="renderer.h" />
    <ClInclude Include="resourceallocator.h" />
    <ClInclude Include="selectionsort.h" />
    <ClInclude Include="sortalgorithm.h" />
    <ClInclude Include="stdsort.h" />
    <ClInclude Include="utils.h" />
    <ClInclude Include="visualization.h" />
    <ClInclude Include="vulkancolumnvisualization.h" />
    <ClInclude Include="vulkangradientvisualization.h" />
    <ClInclude Include="vulkanvisualization.h" />
  </ItemGroup>
</Project>